
Microsoft Visual Studio Solution File, Format Version 12.00
# Visual Studio Version 16
VisualStudioVersion = 16.0.29209.62
MinimumVisualStudioVersion = 10.0.40219.1
Project("{FAE04EC0-301F-11D3-BF4B-00C04F79EFBC}") = "KeyValueUsingGenericType", "KeyValueUsingGenericType\KeyValueUsingGenericType.csproj", "{7BAD11A2-A79C-4F0A-8ADB-3D16D1674CC9}"
EndProject
Global
	GlobalSection(SolutionConfigurationPlatforms) = preSolution
		Debug|Any CPU = Debug|Any CPU
		Release|Any CPU = Release|Any CPU
	EndGlobalSection
	GlobalSection(ProjectConfigurationPlatforms) = postSolution
		{7BAD11A2-A79C-4F0A-8ADB-3D16D1674CC9}.Debug|Any CPU.ActiveCfg = Debug|Any CPU
		{7BAD11A2-A79C-4F0A-8ADB-3D16D1674CC9}.Debug|Any CPU.Build.0 = Debug|Any CPU
		{7BAD11A2-A79C-4F0A-8ADB-3D16D1674CC9}.Release|Any CPU.ActiveCfg = Release|Any CPU
		{7BAD11A2-A79C-4F0A-8ADB-3D16D1674CC9}.Release|Any CPU.Build.0 = Release|Any CPU
	EndGlobalSection
	GlobalSection(SolutionProperties) = preSolution
		HideSolutionNode = FALSE
	EndGlobalSection
	GlobalSection(ExtensibilityGlobals) = postSolution
		SolutionGuid = {6ADDA760-6D52-4DB2-A6FF-142F2FD01E15}
	EndGlobalSection
EndGlobal
